
Microsoft Visual Studio Solution File, Format Version 12.00
# Visual Studio 15
VisualStudioVersion = 15.0.28307.421
MinimumVisualStudioVersion = 10.0.40219.1
Project("{8BC9CEB8-8B4A-11D0-8D11-00A0C91BC942}") = "PlanetGenerator", "PlanetGenerator\PlanetGenerator.vcxproj", "{A42EC919-28C8-476C-A052-D7A9A733135D}"
EndProject
Global
	GlobalSection(SolutionConfigurationPlatforms) = preSolution
		Debug|x64 = Debug|x64
		Release|x64 = Release|x64
	EndGlobalSection
	GlobalSection(ProjectConfigurationPlatforms) = postSolution
		{A42EC919-28C8-476C-A052-D7A9A733135D}.Debug|x64.ActiveCfg = Debug|x64
		{A42EC919-28C8-476C-A052-D7A9A733135D}.Debug|x64.Build.0 = Debug|x64
		{A42EC919-28C8-476C-A052-D7A9A733135D}.Release|x64.ActiveCfg = Release|x64
		{A42EC919-28C8-476C-A052-D7A9A733135D}.Release|x64.Build.0 = Release|x64
	EndGlobalSection
	GlobalSection(SolutionProperties) = preSolution
		HideSolutionNode = FALSE
	EndGlobalSection
	GlobalSection(ExtensibilityGlobals) = postSolution
		SolutionGuid = {B5453B65-04E2-45C9-9B79-244A2023376A}
	EndGlobalSection
EndGlobal
