<?xml version="1.0" encoding="utf-8"?>
<Project ToolsVersion="4.0" xmlns="http://schemas.microsoft.com/developer/msbuild/2003">
  <ItemGroup>
    <Filter Include="Resource Files">
      <UniqueIdentifier>{67DA6AB6-F800-4c08-8B7A-83BB121AAD01}</UniqueIdentifier>
      <Extensions>rc;ico;cur;bmp;dlg;rc2;rct;bin;rgs;gif;jpg;jpeg;jpe;resx;tiff;tif;png;wav;mfcribbon-ms</Extensions>
    </Filter>
    <Filter Include="Shaders">
      <UniqueIdentifier>{01088bd6-ce65-4b85-9e08-34a1e303f29f}</UniqueIdentifier>
    </Filter>
    <Filter Include="Window">
      <UniqueIdentifier>{b347ae71-4e8f-434c-9a27-9dd9e368fa15}</UniqueIdentifier>
    </Filter>
    <Filter Include="Graphics">
      <UniqueIdentifier>{a6f4abc3-1fe1-41fb-8b1a-a19405c63248}</UniqueIdentifier>
    </Filter>
    <Filter Include="MAIN">
      <UniqueIdentifier>{4FC737F1-C7A5-4376-A066-2A32D752A2FF}</UniqueIdentifier>
      <Extensions>cpp;c;cc;cxx;def;odl;idl;hpj;bat;asm;asmx</Extensions>
    </Filter>
    <Filter Include="Application">
      <UniqueIdentifier>{7feea208-f649-4814-92b9-5bc105d8e14a}</UniqueIdentifier>
    </Filter>
  </ItemGroup>
  <ItemGroup>
    <ClCompile Include="main.cpp">
      <Filter>MAIN</Filter>
    </ClCompile>
    <ClCompile Include="Window\window.cpp">
      <Filter>Window</Filter>
    </ClCompile>
    <ClCompile Include="Graphics\constant_buffer.cpp">
      <Filter>Graphics</Filter>
    </ClCompile>
    <ClCompile Include="Graphics\direct3d.cpp">
      <Filter>Graphics</Filter>
    </ClCompile>
    <ClCompile Include="Graphics\material.cpp">
      <Filter>Graphics</Filter>
    </ClCompile>
    <ClCompile Include="Graphics\mesh_buffer.cpp">
      <Filter>Graphics</Filter>
    </ClCompile>
    <ClCompile Include="Graphics\pipeline_state.cpp">
      <Filter>Graphics</Filter>
    </ClCompile>
    <ClCompile Include="Graphics\render_target.cpp">
      <Filter>Graphics</Filter>
    </ClCompile>
    <ClCompile Include="Graphics\renderer.cpp">
      <Filter>Graphics</Filter>
    </ClCompile>
    <ClCompile Include="camera.cpp">
      <Filter>Application</Filter>
    </ClCompile>
    <ClCompile Include="planet.cpp">
      <Filter>Application</Filter>
    </ClCompile>
    <ClCompile Include="PlanetGenerator.cpp">
      <Filter>Application</Filter>
    </ClCompile>
  </ItemGroup>
  <ItemGroup>
    <ClInclude Include="Window\window.h">
      <Filter>Window</Filter>
    </ClInclude>
    <ClInclude Include="Graphics\constant_buffer.h">
      <Filter>Graphics</Filter>
    </ClInclude>
    <ClInclude Include="Graphics\direct3d.h">
      <Filter>Graphics</Filter>
    </ClInclude>
    <ClInclude Include="Graphics\material.h">
      <Filter>Graphics</Filter>
    </ClInclude>
    <ClInclude Include="Graphics\mesh_buffer.h">
      <Filter>Graphics</Filter>
    </ClInclude>
    <ClInclude Include="Graphics\pipeline_state.h">
      <Filter>Graphics</Filter>
    </ClInclude>
    <ClInclude Include="Graphics\render_target.h">
      <Filter>Graphics</Filter>
    </ClInclude>
    <ClInclude Include="Graphics\renderer.h">
      <Filter>Graphics</Filter>
    </ClInclude>
    <ClInclude Include="camera.h">
      <Filter>Application</Filter>
    </ClInclude>
    <ClInclude Include="planet.h">
      <Filter>Application</Filter>
    </ClInclude>
    <ClInclude Include="PlanetGenerator.h">
      <Filter>Application</Filter>
    </ClInclude>
  </ItemGroup>
  <ItemGroup>
    <None Include="Window\window_implementation.inl">
      <Filter>Window</Filter>
    </None>
  </ItemGroup>
  <ItemGroup>
    <FxCompile Include="Shaders\green.ps.hlsl">
      <Filter>Shaders</Filter>
    </FxCompile>
    <FxCompile Include="Shaders\position.vs.hlsl">
      <Filter>Shaders</Filter>
    </FxCompile>
  </ItemGroup>
</Project>